{
  "name": "angular-seed",
  "version": "0.0.0",
  "lockfileVersion": 1,
  "requires": true,
  "dependencies": {
    "angular": {
      "version": "1.7.9",
      "resolved": "https://registry.npmjs.org/angular/-/angular-1.7.9.tgz",
      "integrity": "sha512-5se7ZpcOtu0MBFlzGv5dsM1quQDoDeUTwZrWjGtTNA7O88cD8TEk5IEKCTDa3uECV9XnvKREVUr7du1ACiWGFQ=="
    },
    "angular-loader": {
      "version": "1.7.9",
      "resolved": "https://registry.npmjs.org/angular-loader/-/angular-loader-1.7.9.tgz",
      "integrity": "sha512-Hei0AQ96P2qzduWZtAsHvxUnLSLSAxpkjYc7F0JAwNPA14rXYKt20a9crc8CWd/v45Dkz7+SFhb2QMx5nCyNLQ=="
    },
    "angular-route": {
      "version": "1.7.9",
      "resolved": "https://registry.npmjs.org/angular-route/-/angular-route-1.7.9.tgz",
      "integrity": "sha512-vRoj5hzdQtWbODhWJqDzD1iNOEfCKshO6GFBuPVV7RHlPjzIc4R2dHCc7Qiv/8F3LDxJDohc6vSnTDMLHuaqeA=="
    },
    "html5-boilerplate": {
      "version": "0.0.1",
      "resolved": "https://registry.npmjs.org/html5-boilerplate/-/html5-boilerplate-0.0.1.tgz",
      "integrity": "sha1-wepNw92IPxj6Yj35zLoI0jY3Fu4="
    }
  }
}
